
Microsoft Visual Studio Solution File, Format Version 12.00
# Visual Studio 15
Project("{FAE04EC0-301F-11D3-BF4B-00C04F79EFBC}") = "Assembly-CSharp", "Assembly-CSharp.csproj", "{E0C6A705-1FE8-4C6A-49EB-A52E275A82A7}"
EndProject
Project("{FAE04EC0-301F-11D3-BF4B-00C04F79EFBC}") = "Assembly-CSharp-Editor", "Assembly-CSharp-Editor.csproj", "{BBEBE0E9-5F21-EA90-9DB7-96E6152AF43B}"
EndProject
Global
	GlobalSection(SolutionConfigurationPlatforms) = preSolution
		Debug|Any CPU = Debug|Any CPU
		Release|Any CPU = Release|Any CPU
	EndGlobalSection
	GlobalSection(ProjectConfigurationPlatforms) = postSolution
		{E0C6A705-1FE8-4C6A-49EB-A52E275A82A7}.Debug|Any CPU.ActiveCfg = Debug|Any CPU
		{E0C6A705-1FE8-4C6A-49EB-A52E275A82A7}.Debug|Any CPU.Build.0 = Debug|Any CPU
		{E0C6A705-1FE8-4C6A-49EB-A52E275A82A7}.Release|Any CPU.ActiveCfg = Release|Any CPU
		{E0C6A705-1FE8-4C6A-49EB-A52E275A82A7}.Release|Any CPU.Build.0 = Release|Any CPU
		{BBEBE0E9-5F21-EA90-9DB7-96E6152AF43B}.Debug|Any CPU.ActiveCfg = Debug|Any CPU
		{BBEBE0E9-5F21-EA90-9DB7-96E6152AF43B}.Debug|Any CPU.Build.0 = Debug|Any CPU
		{BBEBE0E9-5F21-EA90-9DB7-96E6152AF43B}.Release|Any CPU.ActiveCfg = Release|Any CPU
		{BBEBE0E9-5F21-EA90-9DB7-96E6152AF43B}.Release|Any CPU.Build.0 = Release|Any CPU
	EndGlobalSection
	GlobalSection(SolutionProperties) = preSolution
		HideSolutionNode = FALSE
	EndGlobalSection
EndGlobal
